// !$*UTF8*$!
{
	archiveVersion = 1;
	classes = {
	};
	objectVersion = 56;
	objects = {

/* Begin PBXBuildFile section */
		AB10D8772A8E51740080E30A /* Course.swift in Sources */ = {isa = PBXBuildFile; fileRef = AB10D8762A8E51740080E30A /* Course.swift */; };
		AB10D87A2A8E54820080E30A /* CourseCellTableViewCell.swift in Sources */ = {isa = PBXBuildFile; fileRef = AB10D8782A8E54820080E30A /* CourseCellTableViewCell.swift */; };
		AB10D87B2A8E54820080E30A /* CourseCellTableViewCell.xib in Resources */ = {isa = PBXBuildFile; fileRef = AB10D8792A8E54820080E30A /* CourseCellTableViewCell.xib */; };
		AB5A2B712A8E42EF00894D23 /* ViewController.swift in Sources */ = {isa = PBXBuildFile; fileRef = AB5A2B702A8E42EF00894D23 /* ViewController.swift */; };
		1C5519FA2A8EA91F007455F8 /* LoginVC.swift in Sources */ = {isa = PBXBuildFile; fileRef = 1C5519F92A8EA91F007455F8 /* LoginVC.swift */; };
		1C5519FC2A8EA943007455F8 /* SecondVC.swift in Sources */ = {isa = PBXBuildFile; fileRef = 1C5519FB2A8EA943007455F8 /* SecondVC.swift */; };
		1C5519FE2A8EA95C007455F8 /* UserDefaultManager.swift in Sources */ = {isa = PBXBuildFile; fileRef = 1C5519FD2A8EA95C007455F8 /* UserDefaultManager.swift */; };
		1C551A002A8EA975007455F8 /* ValidationManager.swift in Sources */ = {isa = PBXBuildFile; fileRef = 1C5519FF2A8EA975007455F8 /* ValidationManager.swift */; };
		1C551A022A8EA996007455F8 /* String+Trimm.swift in Sources */ = {isa = PBXBuildFile; fileRef = 1C551A012A8EA996007455F8 /* String+Trimm.swift */; };
		1C551A042A8EA9A7007455F8 /* Alert.swift in Sources */ = {isa = PBXBuildFile; fileRef = 1C551A032A8EA9A7007455F8 /* Alert.swift */; };
		1C551A062A8EA9BF007455F8 /* Constants.swift in Sources */ = {isa = PBXBuildFile; fileRef = 1C551A052A8EA9BF007455F8 /* Constants.swift */; };
		AB5A2B6D2A8E42EF00894D23 /* AppDelegate.swift in Sources */ = {isa = PBXBuildFile; fileRef = AB5A2B6C2A8E42EF00894D23 /* AppDelegate.swift */; };
		AB5A2B742A8E42EF00894D23 /* Main.storyboard in Resources */ = {isa = PBXBuildFile; fileRef = AB5A2B722A8E42EF00894D23 /* Main.storyboard */; };
		AB5A2B762A8E42F000894D23 /* Assets.xcassets in Resources */ = {isa = PBXBuildFile; fileRef = AB5A2B752A8E42F000894D23 /* Assets.xcassets */; };
		AB5A2B792A8E42F000894D23 /* LaunchScreen.storyboard in Resources */ = {isa = PBXBuildFile; fileRef = AB5A2B772A8E42F000894D23 /* LaunchScreen.storyboard */; };
/* End PBXBuildFile section */

/* Begin PBXFileReference section */
		AB10D8762A8E51740080E30A /* Course.swift */ = {isa = PBXFileReference; lastKnownFileType = sourcecode.swift; path = Course.swift; sourceTree = "<group>"; };
		AB10D8782A8E54820080E30A /* CourseCellTableViewCell.swift */ = {isa = PBXFileReference; lastKnownFileType = sourcecode.swift; path = CourseCellTableViewCell.swift; sourceTree = "<group>"; };
		AB10D8792A8E54820080E30A /* CourseCellTableViewCell.xib */ = {isa = PBXFileReference; lastKnownFileType = file.xib; path = CourseCellTableViewCell.xib; sourceTree = "<group>"; };
		AB5A2B692A8E42EF00894D23 /* Elnaggar-Team-Work.app */ = {isa = PBXFileReference; explicitFileType = wrapper.application; includeInIndex = 0; path = "Elnaggar-Team-Work.app"; sourceTree = BUILT_PRODUCTS_DIR; };
		AB5A2B702A8E42EF00894D23 /* ViewController.swift */ = {isa = PBXFileReference; lastKnownFileType = sourcecode.swift; path = ViewController.swift; sourceTree = "<group>"; };
		1C5519F92A8EA91F007455F8 /* LoginVC.swift */ = {isa = PBXFileReference; lastKnownFileType = sourcecode.swift; path = LoginVC.swift; sourceTree = "<group>"; };
		1C5519FB2A8EA943007455F8 /* SecondVC.swift */ = {isa = PBXFileReference; lastKnownFileType = sourcecode.swift; path = SecondVC.swift; sourceTree = "<group>"; };
		1C5519FD2A8EA95C007455F8 /* UserDefaultManager.swift */ = {isa = PBXFileReference; lastKnownFileType = sourcecode.swift; path = UserDefaultManager.swift; sourceTree = "<group>"; };
		1C5519FF2A8EA975007455F8 /* ValidationManager.swift */ = {isa = PBXFileReference; lastKnownFileType = sourcecode.swift; path = ValidationManager.swift; sourceTree = "<group>"; };
		1C551A012A8EA996007455F8 /* String+Trimm.swift */ = {isa = PBXFileReference; lastKnownFileType = sourcecode.swift; path = "String+Trimm.swift"; sourceTree = "<group>"; };
		1C551A032A8EA9A7007455F8 /* Alert.swift */ = {isa = PBXFileReference; lastKnownFileType = sourcecode.swift; path = Alert.swift; sourceTree = "<group>"; };
		1C551A052A8EA9BF007455F8 /* Constants.swift */ = {isa = PBXFileReference; lastKnownFileType = sourcecode.swift; path = Constants.swift; sourceTree = "<group>"; };
		AB5A2B692A8E42EF00894D23 /* Elnaggar-Team-Work.app */ = {isa = PBXFileReference; explicitFileType = wrapper.application; includeInIndex = 0; path = "Elnaggar-Team-Work.app"; sourceTree = BUILT_PRODUCTS_DIR; };
		AB5A2B6C2A8E42EF00894D23 /* AppDelegate.swift */ = {isa = PBXFileReference; lastKnownFileType = sourcecode.swift; path = AppDelegate.swift; sourceTree = "<group>"; };
		AB5A2B732A8E42EF00894D23 /* Base */ = {isa = PBXFileReference; lastKnownFileType = file.storyboard; name = Base; path = Base.lproj/Main.storyboard; sourceTree = "<group>"; };
		AB5A2B752A8E42F000894D23 /* Assets.xcassets */ = {isa = PBXFileReference; lastKnownFileType = folder.assetcatalog; path = Assets.xcassets; sourceTree = "<group>"; };
		AB5A2B782A8E42F000894D23 /* Base */ = {isa = PBXFileReference; lastKnownFileType = file.storyboard; name = Base; path = Base.lproj/LaunchScreen.storyboard; sourceTree = "<group>"; };
		AB5A2B7A2A8E42F000894D23 /* Info.plist */ = {isa = PBXFileReference; lastKnownFileType = text.plist.xml; path = Info.plist; sourceTree = "<group>"; };
/* End PBXFileReference section */

/* Begin PBXFrameworksBuildPhase section */
		AB5A2B662A8E42EF00894D23 /* Frameworks */ = {
			isa = PBXFrameworksBuildPhase;
			buildActionMask = 2147483647;
			files = (
			);
			runOnlyForDeploymentPostprocessing = 0;
		};
/* End PBXFrameworksBuildPhase section */

/* Begin PBXGroup section */
		1C551A072A8EA9FB007455F8 /* Model */ = {
			isa = PBXGroup;
			children = (
				1C5519FD2A8EA95C007455F8 /* UserDefaultManager.swift */,
				1C5519FF2A8EA975007455F8 /* ValidationManager.swift */,
				AB10D8762A8E51740080E30A /* Course.swift */,

			);
			path = Model;
			sourceTree = "<group>";
		};
		1C551A082A8EAA02007455F8 /* Controller */ = {
			isa = PBXGroup;
			children = (
				1C5519F92A8EA91F007455F8 /* LoginVC.swift */,
				1C5519FB2A8EA943007455F8 /* SecondVC.swift */,
				AB5A2B702A8E42EF00894D23 /* ViewController.swift */,
				AB10D87C2A8E54860080E30A /* CourseCell */,
			);
			path = Controller;
			sourceTree = "<group>";
		};
		1C551A092A8EAA09007455F8 /* View */ = {
			isa = PBXGroup;
			children = (
				AB5A2B722A8E42EF00894D23 /* Main.storyboard */,
				AB5A2B772A8E42F000894D23 /* LaunchScreen.storyboard */,
			);
			path = View;
			sourceTree = "<group>";
		};
		1C551A0A2A8EAA25007455F8 /* Extensions */ = {
			isa = PBXGroup;
			children = (
				1C551A012A8EA996007455F8 /* String+Trimm.swift */,
				1C551A032A8EA9A7007455F8 /* Alert.swift */,
			);
			path = View;
			sourceTree = "<group>";
		};
		AB10D87C2A8E54860080E30A /* CourseCell */ = {
			isa = PBXGroup;
			children = (
				AB10D8782A8E54820080E30A /* CourseCellTableViewCell.swift */,
				AB10D8792A8E54820080E30A /* CourseCellTableViewCell.xib */,
			);
			path = CourseCell;
			sourceTree = "<group>";
		};
		AB5A2B602A8E42EF00894D23 = {
			isa = PBXGroup;
			children = (
				AB5A2B6B2A8E42EF00894D23 /* Elnaggar-Team-Work */,
				AB5A2B6A2A8E42EF00894D23 /* Products */,
			);
			sourceTree = "<group>";
		};
		AB5A2B6A2A8E42EF00894D23 /* Products */ = {
			isa = PBXGroup;
			children = (
				AB5A2B692A8E42EF00894D23 /* Elnaggar-Team-Work.app */,
			);
			name = Products;
			sourceTree = "<group>";
		};
		AB5A2B6B2A8E42EF00894D23 /* Elnaggar-Team-Work */ = {
			isa = PBXGroup;
			children = (
				AB5A2B6C2A8E42EF00894D23 /* AppDelegate.swift */,
				1C551A092A8EAA09007455F8 /* View */,
				1C551A082A8EAA02007455F8 /* Controller */,
				1C551A072A8EA9FB007455F8 /* Model */,
				1C551A0A2A8EAA25007455F8 /* Extensions */,
				1C551A052A8EA9BF007455F8 /* Constants.swift */,
				AB5A2B7A2A8E42F000894D23 /* Info.plist */,
				AB5A2B752A8E42F000894D23 /* Assets.xcassets */,
			);
			path = "Elnaggar-Team-Work";
			sourceTree = "<group>";
		};
/* End PBXGroup section */

/* Begin PBXNativeTarget section */
		AB5A2B682A8E42EF00894D23 /* Elnaggar-Team-Work */ = {
			isa = PBXNativeTarget;
			buildConfigurationList = AB5A2B7D2A8E42F000894D23 /* Build configuration list for PBXNativeTarget "Elnaggar-Team-Work" */;
			buildPhases = (
				AB5A2B652A8E42EF00894D23 /* Sources */,
				AB5A2B662A8E42EF00894D23 /* Frameworks */,
				AB5A2B672A8E42EF00894D23 /* Resources */,
			);
			buildRules = (
			);
			dependencies = (
			);
			name = "Elnaggar-Team-Work";
			productName = "Elnaggar-Team-Work";
			productReference = AB5A2B692A8E42EF00894D23 /* Elnaggar-Team-Work.app */;
			productType = "com.apple.product-type.application";
		};
/* End PBXNativeTarget section */

/* Begin PBXProject section */
		AB5A2B612A8E42EF00894D23 /* Project object */ = {
			isa = PBXProject;
			attributes = {
				BuildIndependentTargetsInParallel = 1;
				LastSwiftUpdateCheck = 1430;
				LastUpgradeCheck = 1430;
				TargetAttributes = {
					AB5A2B682A8E42EF00894D23 = {
						CreatedOnToolsVersion = 14.3.1;
					};
				};
			};
			buildConfigurationList = AB5A2B642A8E42EF00894D23 /* Build configuration list for PBXProject "Elnaggar-Team-Work" */;
			compatibilityVersion = "Xcode 14.0";
			developmentRegion = en;
			hasScannedForEncodings = 0;
			knownRegions = (
				en,
				Base,
			);
			mainGroup = AB5A2B602A8E42EF00894D23;
			productRefGroup = AB5A2B6A2A8E42EF00894D23 /* Products */;
			projectDirPath = "";
			projectRoot = "";
			targets = (
				AB5A2B682A8E42EF00894D23 /* Elnaggar-Team-Work */,
			);
		};
/* End PBXProject section */

/* Begin PBXResourcesBuildPhase section */
		AB5A2B672A8E42EF00894D23 /* Resources */ = {
			isa = PBXResourcesBuildPhase;
			buildActionMask = 2147483647;
			files = (
				AB10D87B2A8E54820080E30A /* CourseCellTableViewCell.xib in Resources */,
				AB5A2B792A8E42F000894D23 /* LaunchScreen.storyboard in Resources */,
				AB5A2B762A8E42F000894D23 /* Assets.xcassets in Resources */,
				AB5A2B742A8E42EF00894D23 /* Main.storyboard in Resources */,
			);
			runOnlyForDeploymentPostprocessing = 0;
		};
/* End PBXResourcesBuildPhase section */

/* Begin PBXSourcesBuildPhase section */
		AB5A2B652A8E42EF00894D23 /* Sources */ = {
			isa = PBXSourcesBuildPhase;
			buildActionMask = 2147483647;
			files = (
				1C551A002A8EA975007455F8 /* ValidationManager.swift in Sources */,
				AB5A2B6D2A8E42EF00894D23 /* AppDelegate.swift in Sources */,
				1C5519FC2A8EA943007455F8 /* SecondVC.swift in Sources */,
				1C5519FA2A8EA91F007455F8 /* LoginVC.swift in Sources */,
				1C5519FE2A8EA95C007455F8 /* UserDefaultManager.swift in Sources */,
				1C551A042A8EA9A7007455F8 /* Alert.swift in Sources */,
				1C551A022A8EA996007455F8 /* String+Trimm.swift in Sources */,
				1C551A062A8EA9BF007455F8 /* Constants.swift in Sources */,
				AB10D87A2A8E54820080E30A /* CourseCellTableViewCell.swift in Sources */,
				AB10D8772A8E51740080E30A /* Course.swift in Sources */,
				AB5A2B712A8E42EF00894D23 /* ViewController.swift in Sources */,
			);
			runOnlyForDeploymentPostprocessing = 0;
		};
/* End PBXSourcesBuildPhase section */

/* Begin PBXVariantGroup section */
		AB5A2B722A8E42EF00894D23 /* Main.storyboard */ = {
			isa = PBXVariantGroup;
			children = (
				AB5A2B732A8E42EF00894D23 /* Base */,
			);
			name = Main.storyboard;
			sourceTree = "<group>";
		};
		AB5A2B772A8E42F000894D23 /* LaunchScreen.storyboard */ = {
			isa = PBXVariantGroup;
			children = (
				AB5A2B782A8E42F000894D23 /* Base */,
			);
			name = LaunchScreen.storyboard;
			sourceTree = "<group>";
		};
/* End PBXVariantGroup section */

/* Begin XCBuildConfiguration section */
		AB5A2B7B2A8E42F000894D23 /* Debug */ = {
			isa = XCBuildConfiguration;
			buildSettings = {
				ALWAYS_SEARCH_USER_PATHS = NO;
				CLANG_ANALYZER_NONNULL = YES;
				CLANG_ANALYZER_NUMBER_OBJECT_CONVERSION = YES_AGGRESSIVE;
				CLANG_CXX_LANGUAGE_STANDARD = "gnu++20";
				CLANG_ENABLE_MODULES = YES;
				CLANG_ENABLE_OBJC_ARC = YES;
				CLANG_ENABLE_OBJC_WEAK = YES;
				CLANG_WARN_BLOCK_CAPTURE_AUTORELEASING = YES;
				CLANG_WARN_BOOL_CONVERSION = YES;
				CLANG_WARN_COMMA = YES;
				CLANG_WARN_CONSTANT_CONVERSION = YES;
				CLANG_WARN_DEPRECATED_OBJC_IMPLEMENTATIONS = YES;
				CLANG_WARN_DIRECT_OBJC_ISA_USAGE = YES_ERROR;
				CLANG_WARN_DOCUMENTATION_COMMENTS = YES;
				CLANG_WARN_EMPTY_BODY = YES;
				CLANG_WARN_ENUM_CONVERSION = YES;
				CLANG_WARN_INFINITE_RECURSION = YES;
				CLANG_WARN_INT_CONVERSION = YES;
				CLANG_WARN_NON_LITERAL_NULL_CONVERSION = YES;
				CLANG_WARN_OBJC_IMPLICIT_RETAIN_SELF = YES;
				CLANG_WARN_OBJC_LITERAL_CONVERSION = YES;
				CLANG_WARN_OBJC_ROOT_CLASS = YES_ERROR;
				CLANG_WARN_QUOTED_INCLUDE_IN_FRAMEWORK_HEADER = YES;
				CLANG_WARN_RANGE_LOOP_ANALYSIS = YES;
				CLANG_WARN_STRICT_PROTOTYPES = YES;
				CLANG_WARN_SUSPICIOUS_MOVE = YES;
				CLANG_WARN_UNGUARDED_AVAILABILITY = YES_AGGRESSIVE;
				CLANG_WARN_UNREACHABLE_CODE = YES;
				CLANG_WARN__DUPLICATE_METHOD_MATCH = YES;
				COPY_PHASE_STRIP = NO;
				DEBUG_INFORMATION_FORMAT = dwarf;
				ENABLE_STRICT_OBJC_MSGSEND = YES;
				ENABLE_TESTABILITY = YES;
				GCC_C_LANGUAGE_STANDARD = gnu11;
				GCC_DYNAMIC_NO_PIC = NO;
				GCC_NO_COMMON_BLOCKS = YES;
				GCC_OPTIMIZATION_LEVEL = 0;
				GCC_PREPROCESSOR_DEFINITIONS = (
					"DEBUG=1",
					"$(inherited)",
				);
				GCC_WARN_64_TO_32_BIT_CONVERSION = YES;
				GCC_WARN_ABOUT_RETURN_TYPE = YES_ERROR;
				GCC_WARN_UNDECLARED_SELECTOR = YES;
				GCC_WARN_UNINITIALIZED_AUTOS = YES_AGGRESSIVE;
				GCC_WARN_UNUSED_FUNCTION = YES;
				GCC_WARN_UNUSED_VARIABLE = YES;
				IPHONEOS_DEPLOYMENT_TARGET = 16.4;
				MTL_ENABLE_DEBUG_INFO = INCLUDE_SOURCE;
				MTL_FAST_MATH = YES;
				ONLY_ACTIVE_ARCH = YES;
				SDKROOT = iphoneos;
				SWIFT_ACTIVE_COMPILATION_CONDITIONS = DEBUG;
				SWIFT_OPTIMIZATION_LEVEL = "-Onone";
			};
			name = Debug;
		};
		AB5A2B7C2A8E42F000894D23 /* Release */ = {
			isa = XCBuildConfiguration;
			buildSettings = {
				ALWAYS_SEARCH_USER_PATHS = NO;
				CLANG_ANALYZER_NONNULL = YES;
				CLANG_ANALYZER_NUMBER_OBJECT_CONVERSION = YES_AGGRESSIVE;
				CLANG_CXX_LANGUAGE_STANDARD = "gnu++20";
				CLANG_ENABLE_MODULES = YES;
				CLANG_ENABLE_OBJC_ARC = YES;
				CLANG_ENABLE_OBJC_WEAK = YES;
				CLANG_WARN_BLOCK_CAPTURE_AUTORELEASING = YES;
				CLANG_WARN_BOOL_CONVERSION = YES;
				CLANG_WARN_COMMA = YES;
				CLANG_WARN_CONSTANT_CONVERSION = YES;
				CLANG_WARN_DEPRECATED_OBJC_IMPLEMENTATIONS = YES;
				CLANG_WARN_DIRECT_OBJC_ISA_USAGE = YES_ERROR;
				CLANG_WARN_DOCUMENTATION_COMMENTS = YES;
				CLANG_WARN_EMPTY_BODY = YES;
				CLANG_WARN_ENUM_CONVERSION = YES;
				CLANG_WARN_INFINITE_RECURSION = YES;
				CLANG_WARN_INT_CONVERSION = YES;
				CLANG_WARN_NON_LITERAL_NULL_CONVERSION = YES;
				CLANG_WARN_OBJC_IMPLICIT_RETAIN_SELF = YES;
				CLANG_WARN_OBJC_LITERAL_CONVERSION = YES;
				CLANG_WARN_OBJC_ROOT_CLASS = YES_ERROR;
				CLANG_WARN_QUOTED_INCLUDE_IN_FRAMEWORK_HEADER = YES;
				CLANG_WARN_RANGE_LOOP_ANALYSIS = YES;
				CLANG_WARN_STRICT_PROTOTYPES = YES;
				CLANG_WARN_SUSPICIOUS_MOVE = YES;
				CLANG_WARN_UNGUARDED_AVAILABILITY = YES_AGGRESSIVE;
				CLANG_WARN_UNREACHABLE_CODE = YES;
				CLANG_WARN__DUPLICATE_METHOD_MATCH = YES;
				COPY_PHASE_STRIP = NO;
				DEBUG_INFORMATION_FORMAT = "dwarf-with-dsym";
				ENABLE_NS_ASSERTIONS = NO;
				ENABLE_STRICT_OBJC_MSGSEND = YES;
				GCC_C_LANGUAGE_STANDARD = gnu11;
				GCC_NO_COMMON_BLOCKS = YES;
				GCC_WARN_64_TO_32_BIT_CONVERSION = YES;
				GCC_WARN_ABOUT_RETURN_TYPE = YES_ERROR;
				GCC_WARN_UNDECLARED_SELECTOR = YES;
				GCC_WARN_UNINITIALIZED_AUTOS = YES_AGGRESSIVE;
				GCC_WARN_UNUSED_FUNCTION = YES;
				GCC_WARN_UNUSED_VARIABLE = YES;
				IPHONEOS_DEPLOYMENT_TARGET = 16.4;
				MTL_ENABLE_DEBUG_INFO = NO;
				MTL_FAST_MATH = YES;
				SDKROOT = iphoneos;
				SWIFT_COMPILATION_MODE = wholemodule;
				SWIFT_OPTIMIZATION_LEVEL = "-O";
				VALIDATE_PRODUCT = YES;
			};
			name = Release;
		};
		AB5A2B7E2A8E42F000894D23 /* Debug */ = {
			isa = XCBuildConfiguration;
			buildSettings = {
				ASSETCATALOG_COMPILER_APPICON_NAME = AppIcon;
				ASSETCATALOG_COMPILER_GLOBAL_ACCENT_COLOR_NAME = AccentColor;
				CODE_SIGN_STYLE = Automatic;
				CURRENT_PROJECT_VERSION = 1;
				DEVELOPMENT_TEAM = 3Q8FDFK3WX;
				GENERATE_INFOPLIST_FILE = YES;
				INFOPLIST_FILE = "Elnaggar-Team-Work/Info.plist";
				INFOPLIST_KEY_UIApplicationSupportsIndirectInputEvents = YES;
				INFOPLIST_KEY_UILaunchStoryboardName = LaunchScreen;
				INFOPLIST_KEY_UIMainStoryboardFile = Main;
				INFOPLIST_KEY_UISupportedInterfaceOrientations_iPad = "UIInterfaceOrientationPortrait UIInterfaceOrientationPortraitUpsideDown UIInterfaceOrientationLandscapeLeft UIInterfaceOrientationLandscapeRight";
				INFOPLIST_KEY_UISupportedInterfaceOrientations_iPhone = "UIInterfaceOrientationPortrait UIInterfaceOrientationLandscapeLeft UIInterfaceOrientationLandscapeRight";
				LD_RUNPATH_SEARCH_PATHS = (
					"$(inherited)",
					"@executable_path/Frameworks",
				);
				MARKETING_VERSION = 1.0;
				PRODUCT_BUNDLE_IDENTIFIER = "com.salah.12488.Elnaggar-Team-Work";
				PRODUCT_NAME = "$(TARGET_NAME)";
				SWIFT_EMIT_LOC_STRINGS = YES;
				SWIFT_VERSION = 5.0;
				TARGETED_DEVICE_FAMILY = "1,2";
			};
			name = Debug;
		};
		AB5A2B7F2A8E42F000894D23 /* Release */ = {
			isa = XCBuildConfiguration;
			buildSettings = {
				ASSETCATALOG_COMPILER_APPICON_NAME = AppIcon;
				ASSETCATALOG_COMPILER_GLOBAL_ACCENT_COLOR_NAME = AccentColor;
				CODE_SIGN_STYLE = Automatic;
				CURRENT_PROJECT_VERSION = 1;
				DEVELOPMENT_TEAM = 3Q8FDFK3WX;
				GENERATE_INFOPLIST_FILE = YES;
				INFOPLIST_FILE = "Elnaggar-Team-Work/Info.plist";
				INFOPLIST_KEY_UIApplicationSupportsIndirectInputEvents = YES;
				INFOPLIST_KEY_UILaunchStoryboardName = LaunchScreen;
				INFOPLIST_KEY_UIMainStoryboardFile = Main;
				INFOPLIST_KEY_UISupportedInterfaceOrientations_iPad = "UIInterfaceOrientationPortrait UIInterfaceOrientationPortraitUpsideDown UIInterfaceOrientationLandscapeLeft UIInterfaceOrientationLandscapeRight";
				INFOPLIST_KEY_UISupportedInterfaceOrientations_iPhone = "UIInterfaceOrientationPortrait UIInterfaceOrientationLandscapeLeft UIInterfaceOrientationLandscapeRight";
				LD_RUNPATH_SEARCH_PATHS = (
					"$(inherited)",
					"@executable_path/Frameworks",
				);
				MARKETING_VERSION = 1.0;
				PRODUCT_BUNDLE_IDENTIFIER = "com.salah.12488.Elnaggar-Team-Work";
				PRODUCT_NAME = "$(TARGET_NAME)";
				SWIFT_EMIT_LOC_STRINGS = YES;
				SWIFT_VERSION = 5.0;
				TARGETED_DEVICE_FAMILY = "1,2";
			};
			name = Release;
		};
/* End XCBuildConfiguration section */

/* Begin XCConfigurationList section */
		AB5A2B642A8E42EF00894D23 /* Build configuration list for PBXProject "Elnaggar-Team-Work" */ = {
			isa = XCConfigurationList;
			buildConfigurations = (
				AB5A2B7B2A8E42F000894D23 /* Debug */,
				AB5A2B7C2A8E42F000894D23 /* Release */,
			);
			defaultConfigurationIsVisible = 0;
			defaultConfigurationName = Release;
		};
		AB5A2B7D2A8E42F000894D23 /* Build configuration list for PBXNativeTarget "Elnaggar-Team-Work" */ = {
			isa = XCConfigurationList;
			buildConfigurations = (
				AB5A2B7E2A8E42F000894D23 /* Debug */,
				AB5A2B7F2A8E42F000894D23 /* Release */,
			);
			defaultConfigurationIsVisible = 0;
			defaultConfigurationName = Release;
		};
/* End XCConfigurationList section */
	};
	rootObject = AB5A2B612A8E42EF00894D23 /* Project object */;
}
